schema: '2.0'
stages:
  load_data:
    cmd: python src/load_data.py --config=params.yaml
    deps:
    - path: data_given/Fake.csv
      md5: 809e6e518f628f0ec93991ad83bdc5b2
      size: 62789876
    - path: data_given/True.csv
      md5: b74a82728c3f122b77b81ada92ee7822
      size: 53582940
    - path: src/get_data.py
      md5: 3f8d5526ed70c7b84d0afb871517c390
      size: 1165
    - path: src/load_data.py
      md5: a7cb3c0d39dec88f53a545424dece46f
      size: 1058
    params:
      params.yaml:
        base.random_state: 42
        load_data.sample_frac: 0.15
    outs:
    - path: data/raw/news.csv
      md5: 8e191fda347b76b4b5765bd65afb0266
      size: 16584577
  preprocess_data:
    cmd: python src/preprocess_data.py --config=params.yaml
    deps:
    - path: data/raw/news.csv
      md5: 8e191fda347b76b4b5765bd65afb0266
      size: 16584577
    - path: src/preprocess_data.py
      md5: 5b1ff85fd321f6e61da9e5ec6c1a5083
      size: 1718
    - path: src/utils
      md5: c740f0a664ac26877dc194d1db10ce09.dir
      size: 11755
      nfiles: 3
    outs:
    - path: data/processed/clean_news.csv
      md5: e9b87b9bed0d6fa6a583add314e51346
      size: 11737735
  split_data:
    cmd: python src/split_data.py --config=params.yaml
    deps:
    - path: data/processed/clean_news.csv
      md5: e9b87b9bed0d6fa6a583add314e51346
      size: 11737735
    - path: src/split_data.py
      md5: ab8a735e0465f059c91ac0c25363b6c4
      size: 1477
    - path: src/utils
      md5: c740f0a664ac26877dc194d1db10ce09.dir
      size: 11755
      nfiles: 3
    params:
      params.yaml:
        base.random_state: 42
        split_data.test_size: 0.5
    outs:
    - path: data/processed/test_news.csv
      md5: 3741870d4d914cfcef8295fb33788068
      size: 5932679
    - path: data/processed/train_news.csv
      md5: 08d92dae00d63201ad7e83b619cebbfc
      size: 5805108
  featurize:
    cmd: python src/featurize.py --config=params.yaml
    deps:
    - path: data/processed/test_news.csv
      md5: 3741870d4d914cfcef8295fb33788068
      size: 5932679
    - path: data/processed/train_news.csv
      md5: 08d92dae00d63201ad7e83b619cebbfc
      size: 5805108
    - path: src/featurize.py
      md5: 2881251271b14327b04e2addec3006d2
      size: 2160
    - path: src/utils
      md5: c740f0a664ac26877dc194d1db10ce09.dir
      size: 11755
      nfiles: 3
    params:
      params.yaml:
        base.random_state: 42
        featurize.max_features: 250
        featurize.n_grams: 2
    outs:
    - path: data/featurized/featurized_test_news.pkl
      md5: 51cf16b5cebfb38c49722d0b520c3b0e
      size: 2056516
    - path: data/featurized/featurized_train_news.pkl
      md5: d3a6b29b6b80bbb0672f2315e9e7606b
      size: 2017584
  train:
    cmd: python src/train.py --config=params.yaml
    deps:
    - path: data/featurized/featurized_train_news.pkl
      md5: d3a6b29b6b80bbb0672f2315e9e7606b
      size: 2017584
    - path: src/train.py
      md5: 24f5a4fd03af957e05c00ae298d25aad
      size: 1188
    - path: src/utils
      md5: c740f0a664ac26877dc194d1db10ce09.dir
      size: 11755
      nfiles: 3
    params:
      params.yaml:
        base.random_state: 42
        train.min_split: 12
        train.n_est: 5000
        train.n_jobs: 2
    outs:
    - path: saved_models/model.pkl
      md5: 4ae41f43784b3ac601d392b5294b04fe
      size: 71319164
  evaluate:
    cmd: python src/evaluate.py --config=params.yaml
    deps:
    - path: saved_models/model.pkl
      md5: 4ae41f43784b3ac601d392b5294b04fe
      size: 71319164
    - path: src/evaluate.py
      md5: aca57c22643d453aac6a7e8ac28238a6
      size: 1237
    - path: src/utils
      md5: c740f0a664ac26877dc194d1db10ce09.dir
      size: 11755
      nfiles: 3
    outs:
    - path: report/scores.json
      md5: 4cf553a8f90770b4b9da4c3e87adbf42
      size: 76
